
Microsoft Visual Studio Solution File, Format Version 12.00
# Visual Studio Version 16
VisualStudioVersion = 16.0.31515.178
MinimumVisualStudioVersion = 10.0.40219.1
Project("{FAE04EC0-301F-11D3-BF4B-00C04F79EFBC}") = "DataStructureDemo", "DataStructureDemo\DataStructureDemo.csproj", "{89EC9AD9-FB56-47EB-8E2E-724C6785DC1E}"
EndProject
Global
	GlobalSection(SolutionConfigurationPlatforms) = preSolution
		Debug|Any CPU = Debug|Any CPU
		Release|Any CPU = Release|Any CPU
	EndGlobalSection
	GlobalSection(ProjectConfigurationPlatforms) = postSolution
		{89EC9AD9-FB56-47EB-8E2E-724C6785DC1E}.Debug|Any CPU.ActiveCfg = Debug|Any CPU
		{89EC9AD9-FB56-47EB-8E2E-724C6785DC1E}.Debug|Any CPU.Build.0 = Debug|Any CPU
		{89EC9AD9-FB56-47EB-8E2E-724C6785DC1E}.Release|Any CPU.ActiveCfg = Release|Any CPU
		{89EC9AD9-FB56-47EB-8E2E-724C6785DC1E}.Release|Any CPU.Build.0 = Release|Any CPU
	EndGlobalSection
	GlobalSection(SolutionProperties) = preSolution
		HideSolutionNode = FALSE
	EndGlobalSection
	GlobalSection(ExtensibilityGlobals) = postSolution
		SolutionGuid = {4C243DB4-DE29-4BCB-B0DD-641F36130239}
	EndGlobalSection
EndGlobal
